// !$*UTF8*$!
{
	archiveVersion = 1;
	classes = {
	};
	objectVersion = 46;
	objects = {

/* Begin PBXBuildFile section */
		DC7188401DAB2A480071E182 /* AppDelegate.swift in Sources */ = {isa = PBXBuildFile; fileRef = DC71883F1DAB2A480071E182 /* AppDelegate.swift */; };
		DC7188421DAB2A480071E182 /* ViewController.swift in Sources */ = {isa = PBXBuildFile; fileRef = DC7188411DAB2A480071E182 /* ViewController.swift */; };
		DC7188451DAB2A480071E182 /* Main.storyboard in Resources */ = {isa = PBXBuildFile; fileRef = DC7188431DAB2A480071E182 /* Main.storyboard */; };
		DC7188471DAB2A480071E182 /* Assets.xcassets in Resources */ = {isa = PBXBuildFile; fileRef = DC7188461DAB2A480071E182 /* Assets.xcassets */; };
		DC71884A1DAB2A480071E182 /* LaunchScreen.storyboard in Resources */ = {isa = PBXBuildFile; fileRef = DC7188481DAB2A480071E182 /* LaunchScreen.storyboard */; };
		DC82460F1DAB2AF400BB5B37 /* TinyUnderscoreButton.framework in Frameworks */ = {isa = PBXBuildFile; fileRef = DC82460E1DAB2AAB00BB5B37 /* TinyUnderscoreButton.framework */; };
/* End PBXBuildFile section */

/* Begin PBXContainerItemProxy section */
		DC82460D1DAB2AAB00BB5B37 /* PBXContainerItemProxy */ = {
			isa = PBXContainerItemProxy;
			containerPortal = DC8246091DAB2AAB00BB5B37 /* TinyUnderscoreButton.xcodeproj */;
			proxyType = 2;
			remoteGlobalIDString = DC7188281DAB2A250071E182;
			remoteInfo = TinyUnderscoreButton;
		};
		DC8246101DAB2AF900BB5B37 /* PBXContainerItemProxy */ = {
			isa = PBXContainerItemProxy;
			containerPortal = DC8246091DAB2AAB00BB5B37 /* TinyUnderscoreButton.xcodeproj */;
			proxyType = 1;
			remoteGlobalIDString = DC7188271DAB2A250071E182;
			remoteInfo = TinyUnderscoreButton;
		};
/* End PBXContainerItemProxy section */

/* Begin PBXFileReference section */
		DC71883C1DAB2A480071E182 /* Demo.app */ = {isa = PBXFileReference; explicitFileType = wrapper.application; includeInIndex = 0; path = Demo.app; sourceTree = BUILT_PRODUCTS_DIR; };
		DC71883F1DAB2A480071E182 /* AppDelegate.swift */ = {isa = PBXFileReference; lastKnownFileType = sourcecode.swift; path = AppDelegate.swift; sourceTree = "<group>"; };
		DC7188411DAB2A480071E182 /* ViewController.swift */ = {isa = PBXFileReference; lastKnownFileType = sourcecode.swift; path = ViewController.swift; sourceTree = "<group>"; };
		DC7188441DAB2A480071E182 /* Base */ = {isa = PBXFileReference; lastKnownFileType = file.storyboard; name = Base; path = Base.lproj/Main.storyboard; sourceTree = "<group>"; };
		DC7188461DAB2A480071E182 /* Assets.xcassets */ = {isa = PBXFileReference; lastKnownFileType = folder.assetcatalog; path = Assets.xcassets; sourceTree = "<group>"; };
		DC7188491DAB2A480071E182 /* Base */ = {isa = PBXFileReference; lastKnownFileType = file.storyboard; name = Base; path = Base.lproj/LaunchScreen.storyboard; sourceTree = "<group>"; };
		DC71884B1DAB2A480071E182 /* Info.plist */ = {isa = PBXFileReference; lastKnownFileType = text.plist.xml; path = Info.plist; sourceTree = "<group>"; };
		DC8246091DAB2AAB00BB5B37 /* TinyUnderscoreButton.xcodeproj */ = {isa = PBXFileReference; lastKnownFileType = "wrapper.pb-project"; name = TinyUnderscoreButton.xcodeproj; path = ../TinyUnderscoreButton.xcodeproj; sourceTree = "<group>"; };
/* End PBXFileReference section */

/* Begin PBXFrameworksBuildPhase section */
		DC7188391DAB2A480071E182 /* Frameworks */ = {
			isa = PBXFrameworksBuildPhase;
			buildActionMask = 2147483647;
			files = (
				DC82460F1DAB2AF400BB5B37 /* TinyUnderscoreButton.framework in Frameworks */,
			);
			runOnlyForDeploymentPostprocessing = 0;
		};
/* End PBXFrameworksBuildPhase section */

/* Begin PBXGroup section */
		DC7188331DAB2A480071E182 = {
			isa = PBXGroup;
			children = (
				DC8246091DAB2AAB00BB5B37 /* TinyUnderscoreButton.xcodeproj */,
				DC71883E1DAB2A480071E182 /* Demo */,
				DC71883D1DAB2A480071E182 /* Products */,
			);
			sourceTree = "<group>";
		};
		DC71883D1DAB2A480071E182 /* Products */ = {
			isa = PBXGroup;
			children = (
				DC71883C1DAB2A480071E182 /* Demo.app */,
			);
			name = Products;
			sourceTree = "<group>";
		};
		DC71883E1DAB2A480071E182 /* Demo */ = {
			isa = PBXGroup;
			children = (
				DC71883F1DAB2A480071E182 /* AppDelegate.swift */,
				DC7188411DAB2A480071E182 /* ViewController.swift */,
				DC7188431DAB2A480071E182 /* Main.storyboard */,
				DC7188461DAB2A480071E182 /* Assets.xcassets */,
				DC7188481DAB2A480071E182 /* LaunchScreen.storyboard */,
				DC71884B1DAB2A480071E182 /* Info.plist */,
			);
			path = Demo;
			sourceTree = "<group>";
		};
		DC82460A1DAB2AAB00BB5B37 /* Products */ = {
			isa = PBXGroup;
			children = (
				DC82460E1DAB2AAB00BB5B37 /* TinyUnderscoreButton.framework */,
			);
			name = Products;
			sourceTree = "<group>";
		};
/* End PBXGroup section */

/* Begin PBXNativeTarget section */
		DC71883B1DAB2A480071E182 /* Demo */ = {
			isa = PBXNativeTarget;
			buildConfigurationList = DC71884E1DAB2A480071E182 /* Build configuration list for PBXNativeTarget "Demo" */;
			buildPhases = (
				DC7188381DAB2A480071E182 /* Sources */,
				DC7188391DAB2A480071E182 /* Frameworks */,
				DC71883A1DAB2A480071E182 /* Resources */,
			);
			buildRules = (
			);
			dependencies = (
				DC8246111DAB2AF900BB5B37 /* PBXTargetDependency */,
			);
			name = Demo;
			productName = Demo;
			productReference = DC71883C1DAB2A480071E182 /* Demo.app */;
			productType = "com.apple.product-type.application";
		};
/* End PBXNativeTarget section */

/* Begin PBXProject section */
		DC7188341DAB2A480071E182 /* Project object */ = {
			isa = PBXProject;
			attributes = {
				LastSwiftUpdateCheck = 0730;
				LastUpgradeCheck = 0730;
				ORGANIZATIONNAME = hoge;
				TargetAttributes = {
					DC71883B1DAB2A480071E182 = {
						CreatedOnToolsVersion = 7.3.1;
					};
				};
			};
			buildConfigurationList = DC7188371DAB2A480071E182 /* Build configuration list for PBXProject "Demo" */;
			compatibilityVersion = "Xcode 3.2";
			developmentRegion = English;
			hasScannedForEncodings = 0;
			knownRegions = (
				en,
				Base,
			);
			mainGroup = DC7188331DAB2A480071E182;
			productRefGroup = DC71883D1DAB2A480071E182 /* Products */;
			projectDirPath = "";
			projectReferences = (
				{
					ProductGroup = DC82460A1DAB2AAB00BB5B37 /* Products */;
					ProjectRef = DC8246091DAB2AAB00BB5B37 /* TinyUnderscoreButton.xcodeproj */;
				},
			);
			projectRoot = "";
			targets = (
				DC71883B1DAB2A480071E182 /* Demo */,
			);
		};
/* End PBXProject section */

/* Begin PBXReferenceProxy section */
		DC82460E1DAB2AAB00BB5B37 /* TinyUnderscoreButton.framework */ = {
			isa = PBXReferenceProxy;
			fileType = wrapper.framework;
			path = TinyUnderscoreButton.framework;
			remoteRef = DC82460D1DAB2AAB00BB5B37 /* PBXContainerItemProxy */;
			sourceTree = BUILT_PRODUCTS_DIR;
		};
/* End PBXReferenceProxy section */

/* Begin PBXResourcesBuildPhase section */
		DC71883A1DAB2A480071E182 /* Resources */ = {
			isa = PBXResourcesBuildPhase;
			buildActionMask = 2147483647;
			files = (
				DC71884A1DAB2A480071E182 /* LaunchScreen.storyboard in Resources */,
				DC7188471DAB2A480071E182 /* Assets.xcassets in Resources */,
				DC7188451DAB2A480071E182 /* Main.storyboard in Resources */,
			);
			runOnlyForDeploymentPostprocessing = 0;
		};
/* End PBXResourcesBuildPhase section */

/* Begin PBXSourcesBuildPhase section */
		DC7188381DAB2A480071E182 /* Sources */ = {
			isa = PBXSourcesBuildPhase;
			buildActionMask = 2147483647;
			files = (
				DC7188421DAB2A480071E182 /* ViewController.swift in Sources */,
				DC7188401DAB2A480071E182 /* AppDelegate.swift in Sources */,
			);
			runOnlyForDeploymentPostprocessing = 0;
		};
/* End PBXSourcesBuildPhase section */

/* Begin PBXTargetDependency section */
		DC8246111DAB2AF900BB5B37 /* PBXTargetDependency */ = {
			isa = PBXTargetDependency;
			name = TinyUnderscoreButton;
			targetProxy = DC8246101DAB2AF900BB5B37 /* PBXContainerItemProxy */;
		};
/* End PBXTargetDependency section */

/* Begin PBXVariantGroup section */
		DC7188431DAB2A480071E182 /* Main.storyboard */ = {
			isa = PBXVariantGroup;
			children = (
				DC7188441DAB2A480071E182 /* Base */,
			);
			name = Main.storyboard;
			sourceTree = "<group>";
		};
		DC7188481DAB2A480071E182 /* LaunchScreen.storyboard */ = {
			isa = PBXVariantGroup;
			children = (
				DC7188491DAB2A480071E182 /* Base */,
			);
			name = LaunchScreen.storyboard;
			sourceTree = "<group>";
		};
/* End PBXVariantGroup section */

/* Begin XCBuildConfiguration section */
		DC71884C1DAB2A480071E182 /* Debug */ = {
			isa = XCBuildConfiguration;
			buildSettings = {
				ALWAYS_SEARCH_USER_PATHS = NO;
				CLANG_ANALYZER_NONNULL = YES;
				CLANG_CXX_LANGUAGE_STANDARD = "gnu++0x";
				CLANG_CXX_LIBRARY = "libc++";
				CLANG_ENABLE_MODULES = YES;
				CLANG_ENABLE_OBJC_ARC = YES;
				CLANG_WARN_BOOL_CONVERSION = YES;
				CLANG_WARN_CONSTANT_CONVERSION = YES;
				CLANG_WARN_DIRECT_OBJC_ISA_USAGE = YES_ERROR;
				CLANG_WARN_EMPTY_BODY = YES;
				CLANG_WARN_ENUM_CONVERSION = YES;
				CLANG_WARN_INT_CONVERSION = YES;
				CLANG_WARN_OBJC_ROOT_CLASS = YES_ERROR;
				CLANG_WARN_UNREACHABLE_CODE = YES;
				CLANG_WARN__DUPLICATE_METHOD_MATCH = YES;
				"CODE_SIGN_IDENTITY[sdk=iphoneos*]" = "iPhone Developer";
				COPY_PHASE_STRIP = NO;
				DEBUG_INFORMATION_FORMAT = dwarf;
				ENABLE_STRICT_OBJC_MSGSEND = YES;
				ENABLE_TESTABILITY = YES;
				GCC_C_LANGUAGE_STANDARD = gnu99;
				GCC_DYNAMIC_NO_PIC = NO;
				GCC_NO_COMMON_BLOCKS = YES;
				GCC_OPTIMIZATION_LEVEL = 0;
				GCC_PREPROCESSOR_DEFINITIONS = (
					"DEBUG=1",
					"$(inherited)",
				);
				GCC_WARN_64_TO_32_BIT_CONVERSION = YES;
				GCC_WARN_ABOUT_RETURN_TYPE = YES_ERROR;
				GCC_WARN_UNDECLARED_SELECTOR = YES;
				GCC_WARN_UNINITIALIZED_AUTOS = YES_AGGRESSIVE;
				GCC_WARN_UNUSED_FUNCTION = YES;
				GCC_WARN_UNUSED_VARIABLE = YES;
				IPHONEOS_DEPLOYMENT_TARGET = 9.3;
				MTL_ENABLE_DEBUG_INFO = YES;
				ONLY_ACTIVE_ARCH = YES;
				SDKROOT = iphoneos;
				SWIFT_OPTIMIZATION_LEVEL = "-Onone";
				TARGETED_DEVICE_FAMILY = "1,2";
			};
			name = Debug;
		};
		DC71884D1DAB2A480071E182 /* Release */ = {
			isa = XCBuildConfiguration;
			buildSettings = {
				ALWAYS_SEARCH_USER_PATHS = NO;
				CLANG_ANALYZER_NONNULL = YES;
				CLANG_CXX_LANGUAGE_STANDARD = "gnu++0x";
				CLANG_CXX_LIBRARY = "libc++";
				CLANG_ENABLE_MODULES = YES;
				CLANG_ENABLE_OBJC_ARC = YES;
				CLANG_WARN_BOOL_CONVERSION = YES;
				CLANG_WARN_CONSTANT_CONVERSION = YES;
				CLANG_WARN_DIRECT_OBJC_ISA_USAGE = YES_ERROR;
				CLANG_WARN_EMPTY_BODY = YES;
				CLANG_WARN_ENUM_CONVERSION = YES;
				CLANG_WARN_INT_CONVERSION = YES;
				CLANG_WARN_OBJC_ROOT_CLASS = YES_ERROR;
				CLANG_WARN_UNREACHABLE_CODE = YES;
				CLANG_WARN__DUPLICATE_METHOD_MATCH = YES;
				"CODE_SIGN_IDENTITY[sdk=iphoneos*]" = "iPhone Developer";
				COPY_PHASE_STRIP = NO;
				DEBUG_INFORMATION_FORMAT = "dwarf-with-dsym";
				ENABLE_NS_ASSERTIONS = NO;
				ENABLE_STRICT_OBJC_MSGSEND = YES;
				GCC_C_LANGUAGE_STANDARD = gnu99;
				GCC_NO_COMMON_BLOCKS = YES;
				GCC_WARN_64_TO_32_BIT_CONVERSION = YES;
				GCC_WARN_ABOUT_RETURN_TYPE = YES_ERROR;
				GCC_WARN_UNDECLARED_SELECTOR = YES;
				GCC_WARN_UNINITIALIZED_AUTOS = YES_AGGRESSIVE;
				GCC_WARN_UNUSED_FUNCTION = YES;
				GCC_WARN_UNUSED_VARIABLE = YES;
				IPHONEOS_DEPLOYMENT_TARGET = 9.3;
				MTL_ENABLE_DEBUG_INFO = NO;
				SDKROOT = iphoneos;
				TARGETED_DEVICE_FAMILY = "1,2";
				VALIDATE_PRODUCT = YES;
			};
			name = Release;
		};
		DC71884F1DAB2A480071E182 /* Debug */ = {
			isa = XCBuildConfiguration;
			buildSettings = {
				ASSETCATALOG_COMPILER_APPICON_NAME = AppIcon;
				INFOPLIST_FILE = Demo/Info.plist;
				IPHONEOS_DEPLOYMENT_TARGET = 8.0;
				LD_RUNPATH_SEARCH_PATHS = "$(inherited) @executable_path/Frameworks";
				PRODUCT_BUNDLE_IDENTIFIER = com.gmail.tsukemenokazaki.Demo;
				PRODUCT_NAME = "$(TARGET_NAME)";
			};
			name = Debug;
		};
		DC7188501DAB2A480071E182 /* Release */ = {
			isa = XCBuildConfiguration;
			buildSettings = {
				ASSETCATALOG_COMPILER_APPICON_NAME = AppIcon;
				INFOPLIST_FILE = Demo/Info.plist;
				IPHONEOS_DEPLOYMENT_TARGET = 8.0;
				LD_RUNPATH_SEARCH_PATHS = "$(inherited) @executable_path/Frameworks";
				PRODUCT_BUNDLE_IDENTIFIER = com.gmail.tsukemenokazaki.Demo;
				PRODUCT_NAME = "$(TARGET_NAME)";
			};
			name = Release;
		};
/* End XCBuildConfiguration section */

/* Begin XCConfigurationList section */
		DC7188371DAB2A480071E182 /* Build configuration list for PBXProject "Demo" */ = {
			isa = XCConfigurationList;
			buildConfigurations = (
				DC71884C1DAB2A480071E182 /* Debug */,
				DC71884D1DAB2A480071E182 /* Release */,
			);
			defaultConfigurationIsVisible = 0;
			defaultConfigurationName = Release;
		};
		DC71884E1DAB2A480071E182 /* Build configuration list for PBXNativeTarget "Demo" */ = {
			isa = XCConfigurationList;
			buildConfigurations = (
				DC71884F1DAB2A480071E182 /* Debug */,
				DC7188501DAB2A480071E182 /* Release */,
			);
			defaultConfigurationIsVisible = 0;
			defaultConfigurationName = Release;
		};
/* End XCConfigurationList section */
	};
	rootObject = DC7188341DAB2A480071E182 /* Project object */;
}
